
Microsoft Visual Studio Solution File, Format Version 12.00
# Visual Studio Version 17
VisualStudioVersion = 17.0.32014.148
MinimumVisualStudioVersion = 10.0.40219.1
Project("{FAE04EC0-301F-11D3-BF4B-00C04F79EFBC}") = "Diffie-Hellman", "Diffie-Hellman.csproj", "{B3710498-0693-45D0-8B56-A9639E8C003E}"
EndProject
Global
	GlobalSection(SolutionConfigurationPlatforms) = preSolution
		Debug|Any CPU = Debug|Any CPU
		Release|Any CPU = Release|Any CPU
	EndGlobalSection
	GlobalSection(ProjectConfigurationPlatforms) = postSolution
		{B3710498-0693-45D0-8B56-A9639E8C003E}.Debug|Any CPU.ActiveCfg = Debug|Any CPU
		{B3710498-0693-45D0-8B56-A9639E8C003E}.Debug|Any CPU.Build.0 = Debug|Any CPU
		{B3710498-0693-45D0-8B56-A9639E8C003E}.Release|Any CPU.ActiveCfg = Release|Any CPU
		{B3710498-0693-45D0-8B56-A9639E8C003E}.Release|Any CPU.Build.0 = Release|Any CPU
	EndGlobalSection
	GlobalSection(SolutionProperties) = preSolution
		HideSolutionNode = FALSE
	EndGlobalSection
	GlobalSection(ExtensibilityGlobals) = postSolution
		SolutionGuid = {91B1E6D9-F7E9-4D5E-99F2-221DA211ECB9}
	EndGlobalSection
EndGlobal
